
Microsoft Visual Studio Solution File, Format Version 12.00
# Visual Studio Version 17
VisualStudioVersion = 17.10.35013.160
MinimumVisualStudioVersion = 10.0.40219.1
Project("{FAE04EC0-301F-11D3-BF4B-00C04F79EFBC}") = "DougDogDoorAPP", "DougDogDoorAPP\DougDogDoorAPP.csproj", "{758E5898-FB20-4CCE-956F-426482E3CFC2}"
EndProject
Global
	GlobalSection(SolutionConfigurationPlatforms) = preSolution
		Debug|Any CPU = Debug|Any CPU
		Release|Any CPU = Release|Any CPU
	EndGlobalSection
	GlobalSection(ProjectConfigurationPlatforms) = postSolution
		{758E5898-FB20-4CCE-956F-426482E3CFC2}.Debug|Any CPU.ActiveCfg = Debug|Any CPU
		{758E5898-FB20-4CCE-956F-426482E3CFC2}.Debug|Any CPU.Build.0 = Debug|Any CPU
		{758E5898-FB20-4CCE-956F-426482E3CFC2}.Release|Any CPU.ActiveCfg = Release|Any CPU
		{758E5898-FB20-4CCE-956F-426482E3CFC2}.Release|Any CPU.Build.0 = Release|Any CPU
	EndGlobalSection
	GlobalSection(SolutionProperties) = preSolution
		HideSolutionNode = FALSE
	EndGlobalSection
	GlobalSection(ExtensibilityGlobals) = postSolution
		SolutionGuid = {99AD1235-8CA8-47D4-8E99-6BEEEB415747}
	EndGlobalSection
EndGlobal
